<?xml version="1.0" encoding="utf-8"?>
<Project ToolsVersion="4.0" xmlns="http://schemas.microsoft.com/developer/msbuild/2003">
  <ItemGroup>
    <Filter Include="Source Files">
      <UniqueIdentifier>{4FC737F1-C7A5-4376-A066-2A32D752A2FF}</UniqueIdentifier>
      <Extensions>cpp;c;cc;cxx;def;odl;idl;hpj;bat;asm;asmx</Extensions>
    </Filter>
    <Filter Include="Header Files">
      <UniqueIdentifier>{93995380-89BD-4b04-88EB-625FBE52EBFB}</UniqueIdentifier>
      <Extensions>h;hh;hpp;hxx;hm;inl;inc;ipp;xsd</Extensions>
    </Filter>
    <Filter Include="Resource Files">
      <UniqueIdentifier>{67DA6AB6-F800-4c08-8B7A-83BB121AAD01}</UniqueIdentifier>
      <Extensions>rc;ico;cur;bmp;dlg;rc2;rct;bin;rgs;gif;jpg;jpeg;jpe;resx;tiff;tif;png;wav;mfcribbon-ms</Extensions>
    </Filter>
  </ItemGroup>
  <ItemGroup>
    <ClCompile Include="glTFRenderer.cpp">
      <Filter>Source Files</Filter>
    </ClCompile>
    <ClCompile Include="glTFLoader\glTFLoader.cpp">
      <Filter>Source Files</Filter>
    </ClCompile>
    <ClCompile Include="glTFWindow\glTFWindow.cpp">
      <Filter>Source Files</Filter>
    </ClCompile>
    <ClCompile Include="glTFLight\glTFDirectionalLight.cpp">
      <Filter>Source Files</Filter>
    </ClCompile>
    <ClCompile Include="glTFLight\glTFLightBase.cpp">
      <Filter>Source Files</Filter>
    </ClCompile>
    <ClCompile Include="glTFLight\glTFLocalLight.cpp">
      <Filter>Source Files</Filter>
    </ClCompile>
    <ClCompile Include="glTFLight\glTFPointLight.cpp">
      <Filter>Source Files</Filter>
    </ClCompile>
    <ClCompile Include="glTFMaterial\glTFMaterialBase.cpp">
      <Filter>Source Files</Filter>
    </ClCompile>
    <ClCompile Include="glTFMaterial\glTFMaterialOpaque.cpp">
      <Filter>Source Files</Filter>
    </ClCompile>
    <ClCompile Include="glTFRenderPass\glTFRenderPassBase.cpp">
      <Filter>Source Files</Filter>
    </ClCompile>
    <ClCompile Include="glTFRenderPass\glTFRenderPassManager.cpp">
      <Filter>Source Files</Filter>
    </ClCompile>
    <ClCompile Include="glTFRenderPass\glTFRenderResourceManager.cpp">
      <Filter>Source Files</Filter>
    </ClCompile>
    <ClCompile Include="glTFRHI\RHIConfigSingleton.cpp">
      <Filter>Source Files</Filter>
    </ClCompile>
    <ClCompile Include="glTFRHI\RHIDX12Impl\DX12DescriptorHeap.cpp">
      <Filter>Source Files</Filter>
    </ClCompile>
    <ClCompile Include="glTFRHI\RHIDX12Impl\DX12CommandAllocator.cpp">
      <Filter>Source Files</Filter>
    </ClCompile>
    <ClCompile Include="glTFRHI\RHIDX12Impl\DX12CommandList.cpp">
      <Filter>Source Files</Filter>
    </ClCompile>
    <ClCompile Include="glTFRHI\RHIDX12Impl\DX12CommandQueue.cpp">
      <Filter>Source Files</Filter>
    </ClCompile>
    <ClCompile Include="glTFRHI\RHIDX12Impl\DX12Device.cpp">
      <Filter>Source Files</Filter>
    </ClCompile>
    <ClCompile Include="glTFRHI\RHIDX12Impl\DX12Factory.cpp">
      <Filter>Source Files</Filter>
    </ClCompile>
    <ClCompile Include="glTFRHI\RHIDX12Impl\DX12Fence.cpp">
      <Filter>Source Files</Filter>
    </ClCompile>
    <ClCompile Include="glTFRHI\RHIDX12Impl\DX12GPUBuffer.cpp">
      <Filter>Source Files</Filter>
    </ClCompile>
    <ClCompile Include="glTFRHI\RHIDX12Impl\DX12GPUBufferManager.cpp">
      <Filter>Source Files</Filter>
    </ClCompile>
    <ClCompile Include="glTFRHI\RHIDX12Impl\DX12IndexBufferView.cpp">
      <Filter>Source Files</Filter>
    </ClCompile>
    <ClCompile Include="glTFRHI\RHIDX12Impl\DX12PipelineStateObject.cpp">
      <Filter>Source Files</Filter>
    </ClCompile>
    <ClCompile Include="glTFRHI\RHIDX12Impl\DX12RenderTarget.cpp">
      <Filter>Source Files</Filter>
    </ClCompile>
    <ClCompile Include="glTFRHI\RHIDX12Impl\DX12RenderTargetManager.cpp">
      <Filter>Source Files</Filter>
    </ClCompile>
    <ClCompile Include="glTFRHI\RHIDX12Impl\DX12RootSignature.cpp">
      <Filter>Source Files</Filter>
    </ClCompile>
    <ClCompile Include="glTFRHI\RHIDX12Impl\DX12Shader.cpp">
      <Filter>Source Files</Filter>
    </ClCompile>
    <ClCompile Include="glTFRHI\RHIDX12Impl\DX12SwapChain.cpp">
      <Filter>Source Files</Filter>
    </ClCompile>
    <ClCompile Include="glTFRHI\RHIDX12Impl\DX12Texture.cpp">
      <Filter>Source Files</Filter>
    </ClCompile>
    <ClCompile Include="glTFRHI\RHIDX12Impl\DX12Utils.cpp">
      <Filter>Source Files</Filter>
    </ClCompile>
    <ClCompile Include="glTFRHI\RHIDX12Impl\DX12VertexBufferView.cpp">
      <Filter>Source Files</Filter>
    </ClCompile>
    <ClCompile Include="glTFRHI\RHIInterface\IRHICommandAllocator.cpp">
      <Filter>Source Files</Filter>
    </ClCompile>
    <ClCompile Include="glTFRHI\RHIInterface\IRHICommandList.cpp">
      <Filter>Source Files</Filter>
    </ClCompile>
    <ClCompile Include="glTFRHI\RHIInterface\IRHICommandQueue.cpp">
      <Filter>Source Files</Filter>
    </ClCompile>
    <ClCompile Include="glTFRHI\RHIInterface\IRHIDescriptorHeap.cpp">
      <Filter>Source Files</Filter>
    </ClCompile>
    <ClCompile Include="glTFRHI\RHIInterface\IRHIDevice.cpp">
      <Filter>Source Files</Filter>
    </ClCompile>
    <ClCompile Include="glTFRHI\RHIInterface\IRHIFactory.cpp">
      <Filter>Source Files</Filter>
    </ClCompile>
    <ClCompile Include="glTFRHI\RHIInterface\IRHIFence.cpp">
      <Filter>Source Files</Filter>
    </ClCompile>
    <ClCompile Include="glTFRHI\RHIInterface\IRHIGPUBuffer.cpp">
      <Filter>Source Files</Filter>
    </ClCompile>
    <ClCompile Include="glTFRHI\RHIInterface\IRHIGPUBufferManager.cpp">
      <Filter>Source Files</Filter>
    </ClCompile>
    <ClCompile Include="glTFRHI\RHIInterface\IRHIIndexBufferView.cpp">
      <Filter>Source Files</Filter>
    </ClCompile>
    <ClCompile Include="glTFRHI\RHIInterface\IRHIPipelineStateObject.cpp">
      <Filter>Source Files</Filter>
    </ClCompile>
    <ClCompile Include="glTFRHI\RHIInterface\IRHIRenderTarget.cpp">
      <Filter>Source Files</Filter>
    </ClCompile>
    <ClCompile Include="glTFRHI\RHIInterface\IRHIRenderTargetManager.cpp">
      <Filter>Source Files</Filter>
    </ClCompile>
    <ClCompile Include="glTFRHI\RHIInterface\IRHIResource.cpp">
      <Filter>Source Files</Filter>
    </ClCompile>
    <ClCompile Include="glTFRHI\RHIInterface\IRHIRootSignature.cpp">
      <Filter>Source Files</Filter>
    </ClCompile>
    <ClCompile Include="glTFRHI\RHIInterface\IRHIShader.cpp">
      <Filter>Source Files</Filter>
    </ClCompile>
    <ClCompile Include="glTFRHI\RHIInterface\IRHISwapChain.cpp">
      <Filter>Source Files</Filter>
    </ClCompile>
    <ClCompile Include="glTFRHI\RHIInterface\IRHITexture.cpp">
      <Filter>Source Files</Filter>
    </ClCompile>
    <ClCompile Include="glTFRHI\RHIInterface\IRHIVertexBufferView.cpp">
      <Filter>Source Files</Filter>
    </ClCompile>
    <ClCompile Include="glTFRHI\RHIResourceFactory.cpp">
      <Filter>Source Files</Filter>
    </ClCompile>
    <ClCompile Include="glTFRHI\RHIUtils.cpp">
      <Filter>Source Files</Filter>
    </ClCompile>
    <ClCompile Include="glTFScene\glTFCamera.cpp">
      <Filter>Source Files</Filter>
    </ClCompile>
    <ClCompile Include="glTFScene\glTFSceneBox.cpp">
      <Filter>Source Files</Filter>
    </ClCompile>
    <ClCompile Include="glTFScene\glTFSceneGraph.cpp">
      <Filter>Source Files</Filter>
    </ClCompile>
    <ClCompile Include="glTFScene\glTFSceneObjectBase.cpp">
      <Filter>Source Files</Filter>
    </ClCompile>
    <ClCompile Include="glTFScene\glTFScenePrimitive.cpp">
      <Filter>Source Files</Filter>
    </ClCompile>
    <ClCompile Include="glTFScene\glTFSceneTriangleMesh.cpp">
      <Filter>Source Files</Filter>
    </ClCompile>
    <ClCompile Include="glTFScene\glTFSceneView.cpp">
      <Filter>Source Files</Filter>
    </ClCompile>
    <ClCompile Include="glTFShaderUtils\glTFShaderUtils.cpp">
      <Filter>Source Files</Filter>
    </ClCompile>
    <ClCompile Include="glTFUtils\glTFLog.cpp">
      <Filter>Source Files</Filter>
    </ClCompile>
    <ClCompile Include="glTFUtils\glTFUtils.cpp">
      <Filter>Source Files</Filter>
    </ClCompile>
    <ClCompile Include="glTFWindow\glTFInputManager.cpp">
      <Filter>Source Files</Filter>
    </ClCompile>
    <ClCompile Include="..\ThirdParty\imgui\backends\imgui_impl_dx12.cpp">
      <Filter>Source Files</Filter>
    </ClCompile>
    <ClCompile Include="..\ThirdParty\imgui\backends\imgui_impl_glfw.cpp">
      <Filter>Source Files</Filter>
    </ClCompile>
    <ClCompile Include="..\ThirdParty\imgui\imgui.cpp">
      <Filter>Source Files</Filter>
    </ClCompile>
    <ClCompile Include="..\ThirdParty\imgui\imgui_draw.cpp">
      <Filter>Source Files</Filter>
    </ClCompile>
    <ClCompile Include="..\ThirdParty\imgui\imgui_tables.cpp">
      <Filter>Source Files</Filter>
    </ClCompile>
    <ClCompile Include="..\ThirdParty\imgui\imgui_widgets.cpp">
      <Filter>Source Files</Filter>
    </ClCompile>
    <ClCompile Include="glTFApp\glTFAppMain.cpp">
      <Filter>Source Files</Filter>
    </ClCompile>
    <ClCompile Include="glTFApp\glTFAppRenderer.cpp">
      <Filter>Source Files</Filter>
    </ClCompile>
    <ClCompile Include="glTFApp\glTFAppRenderPipeline.cpp">
      <Filter>Source Files</Filter>
    </ClCompile>
    <ClCompile Include="glTFApp\glTFPassOptionRenderFlags.cpp">
      <Filter>Source Files</Filter>
    </ClCompile>
    <ClCompile Include="glTFApp\glTFVulkanTest.cpp">
      <Filter>Source Files</Filter>
    </ClCompile>
    <ClCompile Include="glTFGUI\glTFGUI.cpp">
      <Filter>Source Files</Filter>
    </ClCompile>
    <ClCompile Include="glTFLoader\glTFElementCommon.cpp">
      <Filter>Source Files</Filter>
    </ClCompile>
    <ClCompile Include="glTFMaterial\glTFMaterialParameterBase.cpp">
      <Filter>Source Files</Filter>
    </ClCompile>
    <ClCompile Include="glTFMaterial\glTFMaterialParameterFactor.cpp">
      <Filter>Source Files</Filter>
    </ClCompile>
    <ClCompile Include="glTFMaterial\glTFMaterialPBR.cpp">
      <Filter>Source Files</Filter>
    </ClCompile>
    <ClCompile Include="glTFMaterial\glTFMaterialParameterTexture.cpp">
      <Filter>Source Files</Filter>
    </ClCompile>
    <ClCompile Include="glTFRenderPass\glTFComputePass\glTFComputePassBase.cpp">
      <Filter>Source Files</Filter>
    </ClCompile>
    <ClCompile Include="glTFRenderPass\glTFComputePass\glTFComputePassIndirectDrawCulling.cpp">
      <Filter>Source Files</Filter>
    </ClCompile>
    <ClCompile Include="glTFRenderPass\glTFComputePass\glTFComputePassLighting.cpp">
      <Filter>Source Files</Filter>
    </ClCompile>
    <ClCompile Include="glTFRenderPass\glTFComputePass\glTFComputePassRayTracingPostprocess.cpp">
      <Filter>Source Files</Filter>
    </ClCompile>
    <ClCompile Include="glTFRenderPass\glTFComputePass\glTFComputePassReSTIRDirectLighting.cpp">
      <Filter>Source Files</Filter>
    </ClCompile>
    <ClCompile Include="glTFRenderPass\glTFGraphicsPass\glTFGraphicsPassBase.cpp">
      <Filter>Source Files</Filter>
    </ClCompile>
    <ClCompile Include="glTFRenderPass\glTFGraphicsPass\glTFGraphicsPassLighting.cpp">
      <Filter>Source Files</Filter>
    </ClCompile>
    <ClCompile Include="glTFRenderPass\glTFGraphicsPass\glTFGraphicsPassMeshBase.cpp">
      <Filter>Source Files</Filter>
    </ClCompile>
    <ClCompile Include="glTFRenderPass\glTFGraphicsPass\glTFGraphicsPassPostprocess.cpp">
      <Filter>Source Files</Filter>
    </ClCompile>
    <ClCompile Include="glTFRenderPass\glTFGraphicsPass\glTFGraphicsPassMeshDepth.cpp">
      <Filter>Source Files</Filter>
    </ClCompile>
    <ClCompile Include="glTFRenderPass\glTFGraphicsPass\glTFGraphicsPassMeshOpaque.cpp">
      <Filter>Source Files</Filter>
    </ClCompile>
    <ClCompile Include="glTFRenderPass\glTFRayTracingPass\glTFRayTracingPassBase.cpp">
      <Filter>Source Files</Filter>
    </ClCompile>
    <ClCompile Include="glTFRenderPass\glTFRayTracingPass\glTFRayTracingPassPathTracing.cpp">
      <Filter>Source Files</Filter>
    </ClCompile>
    <ClCompile Include="glTFRenderPass\glTFRayTracingPass\glTFRayTracingPassReSTIRDirectLighting.cpp">
      <Filter>Source Files</Filter>
    </ClCompile>
    <ClCompile Include="glTFRenderPass\glTFRayTracingPass\glTFRayTracingPassWithMesh.cpp">
      <Filter>Source Files</Filter>
    </ClCompile>
    <ClCompile Include="glTFRenderPass\glTFRenderInterface\glTFRenderInterface32BitConstant.cpp">
      <Filter>Source Files</Filter>
    </ClCompile>
    <ClCompile Include="glTFRenderPass\glTFRenderInterface\glTFRenderInterfaceFrameStat.cpp">
      <Filter>Source Files</Filter>
    </ClCompile>
    <ClCompile Include="glTFRenderPass\glTFRenderInterface\glTFRenderInterfaceSampler.cpp">
      <Filter>Source Files</Filter>
    </ClCompile>
    <ClCompile Include="glTFRenderPass\glTFRenderInterface\glTFRenderInterfaceSceneMaterial.cpp">
      <Filter>Source Files</Filter>
    </ClCompile>
    <ClCompile Include="glTFRenderPass\glTFRenderInterface\glTFRenderInterfaceSceneMeshInfo.cpp">
      <Filter>Source Files</Filter>
    </ClCompile>
    <ClCompile Include="glTFRenderPass\glTFRenderInterface\glTFRenderInterfaceSRVTable.cpp">
      <Filter>Source Files</Filter>
    </ClCompile>
    <ClCompile Include="glTFRenderPass\glTFRenderInterface\glTFRenderInterfaceSingleConstantBuffer.cpp">
      <Filter>Source Files</Filter>
    </ClCompile>
    <ClCompile Include="glTFRenderPass\glTFRenderInterface\glTFRenderInterfaceBase.cpp">
      <Filter>Source Files</Filter>
    </ClCompile>
    <ClCompile Include="glTFRenderPass\glTFRenderInterface\glTFRenderInterfaceLighting.cpp">
      <Filter>Source Files</Filter>
    </ClCompile>
    <ClCompile Include="glTFRenderPass\glTFRenderInterface\glTFRenderInterfaceSceneMesh.cpp">
      <Filter>Source Files</Filter>
    </ClCompile>
    <ClCompile Include="glTFRenderPass\glTFRenderInterface\glTFRenderInterfaceSceneView.cpp">
      <Filter>Source Files</Filter>
    </ClCompile>
    <ClCompile Include="glTFRenderPass\glTFRenderInterface\glTFRenderInterfaceStructuredBuffer.cpp">
      <Filter>Source Files</Filter>
    </ClCompile>
    <ClCompile Include="glTFRenderPass\glTFRenderMaterialManager.cpp">
      <Filter>Source Files</Filter>
    </ClCompile>
    <ClCompile Include="glTFRenderPass\glTFRenderMeshManager.cpp">
      <Filter>Source Files</Filter>
    </ClCompile>
    <ClCompile Include="glTFRenderPass\glTFMeshRenderResource.cpp">
      <Filter>Source Files</Filter>
    </ClCompile>
    <ClCompile Include="glTFRenderPass\glTFRenderResourceFrameManager.cpp">
      <Filter>Source Files</Filter>
    </ClCompile>
    <ClCompile Include="glTFRenderPass\glTFRenderResourceUtils.cpp">
      <Filter>Source Files</Filter>
    </ClCompile>
    <ClCompile Include="glTFRHI\RHIDX12Impl\DX12CommandSignature.cpp">
      <Filter>Source Files</Filter>
    </ClCompile>
    <ClCompile Include="glTFRHI\RHIDX12Impl\DX12IndexBuffer.cpp">
      <Filter>Source Files</Filter>
    </ClCompile>
    <ClCompile Include="glTFRHI\RHIDX12Impl\DX12RayTracingAS.cpp">
      <Filter>Source Files</Filter>
    </ClCompile>
    <ClCompile Include="glTFRHI\RHIDX12Impl\DX12ShaderTable.cpp">
      <Filter>Source Files</Filter>
    </ClCompile>
    <ClCompile Include="glTFRHI\RHIDX12Impl\DX12VertexBuffer.cpp">
      <Filter>Source Files</Filter>
    </ClCompile>
    <ClCompile Include="glTFRHI\RHIInterface\IRHICommandSignature.cpp">
      <Filter>Source Files</Filter>
    </ClCompile>
    <ClCompile Include="glTFRHI\RHIInterface\IRHIIndexBuffer.cpp">
      <Filter>Source Files</Filter>
    </ClCompile>
    <ClCompile Include="glTFRHI\RHIInterface\IRHIRayTracingAS.cpp">
      <Filter>Source Files</Filter>
    </ClCompile>
    <ClCompile Include="glTFRHI\RHIInterface\IRHIRootSignatureHelper.cpp">
      <Filter>Source Files</Filter>
    </ClCompile>
    <ClCompile Include="glTFRHI\RHIInterface\IRHIShaderTable.cpp">
      <Filter>Source Files</Filter>
    </ClCompile>
    <ClCompile Include="glTFRHI\RHIInterface\IRHIVertexBuffer.cpp">
      <Filter>Source Files</Filter>
    </ClCompile>
    <ClCompile Include="glTFRHI\RHIVKImpl\VKDevice.cpp">
      <Filter>Source Files</Filter>
    </ClCompile>
    <ClCompile Include="glTFRHI\RHIVKImpl\VulkanUtils.cpp">
      <Filter>Source Files</Filter>
    </ClCompile>
    <ClCompile Include="glTFScene\glTFAABB.cpp">
      <Filter>Source Files</Filter>
    </ClCompile>
    <ClCompile Include="glTFScene\glTFMeshRawData.cpp">
      <Filter>Source Files</Filter>
    </ClCompile>
    <ClCompile Include="glTFUtils\glTFImageLoader.cpp">
      <Filter>Source Files</Filter>
    </ClCompile>
  </ItemGroup>
  <ItemGroup>
    <ClInclude Include="glTFLoader\glTFElementCommon.h">
      <Filter>Header Files</Filter>
    </ClInclude>
    <ClInclude Include="glTFLoader\glTFLoader.h">
      <Filter>Header Files</Filter>
    </ClInclude>
    <ClInclude Include="glTFWindow\glTFWindow.h">
      <Filter>Header Files</Filter>
    </ClInclude>
    <ClInclude Include="glTFLight\glTFDirectionalLight.h">
      <Filter>Header Files</Filter>
    </ClInclude>
    <ClInclude Include="glTFLight\glTFLightBase.h">
      <Filter>Header Files</Filter>
    </ClInclude>
    <ClInclude Include="glTFLight\glTFLocalLight.h">
      <Filter>Header Files</Filter>
    </ClInclude>
    <ClInclude Include="glTFLight\glTFPointLight.h">
      <Filter>Header Files</Filter>
    </ClInclude>
    <ClInclude Include="glTFMaterial\glTFMaterialBase.h">
      <Filter>Header Files</Filter>
    </ClInclude>
    <ClInclude Include="glTFMaterial\glTFMaterialCommon.h">
      <Filter>Header Files</Filter>
    </ClInclude>
    <ClInclude Include="glTFMaterial\glTFMaterialOpaque.h">
      <Filter>Header Files</Filter>
    </ClInclude>
    <ClInclude Include="glTFRenderPass\glTFRenderPassBase.h">
      <Filter>Header Files</Filter>
    </ClInclude>
    <ClInclude Include="glTFRenderPass\glTFRenderPassManager.h">
      <Filter>Header Files</Filter>
    </ClInclude>
    <ClInclude Include="glTFRenderPass\glTFRenderResourceManager.h">
      <Filter>Header Files</Filter>
    </ClInclude>
    <ClInclude Include="glTFRHI\RHIConfigSingleton.h">
      <Filter>Header Files</Filter>
    </ClInclude>
    <ClInclude Include="glTFRHI\RHIDX12Impl\d3dx12.h">
      <Filter>Header Files</Filter>
    </ClInclude>
    <ClInclude Include="glTFRHI\RHIDX12Impl\DX12DescriptorHeap.h">
      <Filter>Header Files</Filter>
    </ClInclude>
    <ClInclude Include="glTFRHI\RHIDX12Impl\DX12CommandAllocator.h">
      <Filter>Header Files</Filter>
    </ClInclude>
    <ClInclude Include="glTFRHI\RHIDX12Impl\DX12CommandList.h">
      <Filter>Header Files</Filter>
    </ClInclude>
    <ClInclude Include="glTFRHI\RHIDX12Impl\DX12CommandQueue.h">
      <Filter>Header Files</Filter>
    </ClInclude>
    <ClInclude Include="glTFRHI\RHIDX12Impl\DX12Device.h">
      <Filter>Header Files</Filter>
    </ClInclude>
    <ClInclude Include="glTFRHI\RHIDX12Impl\DX12Factory.h">
      <Filter>Header Files</Filter>
    </ClInclude>
    <ClInclude Include="glTFRHI\RHIDX12Impl\DX12Fence.h">
      <Filter>Header Files</Filter>
    </ClInclude>
    <ClInclude Include="glTFRHI\RHIDX12Impl\DX12GPUBuffer.h">
      <Filter>Header Files</Filter>
    </ClInclude>
    <ClInclude Include="glTFRHI\RHIDX12Impl\DX12GPUBufferManager.h">
      <Filter>Header Files</Filter>
    </ClInclude>
    <ClInclude Include="glTFRHI\RHIDX12Impl\DX12IndexBufferView.h">
      <Filter>Header Files</Filter>
    </ClInclude>
    <ClInclude Include="glTFRHI\RHIDX12Impl\DX12PipelineStateObject.h">
      <Filter>Header Files</Filter>
    </ClInclude>
    <ClInclude Include="glTFRHI\RHIDX12Impl\DX12RenderTarget.h">
      <Filter>Header Files</Filter>
    </ClInclude>
    <ClInclude Include="glTFRHI\RHIDX12Impl\DX12RenderTargetManager.h">
      <Filter>Header Files</Filter>
    </ClInclude>
    <ClInclude Include="glTFRHI\RHIDX12Impl\DX12RootSignature.h">
      <Filter>Header Files</Filter>
    </ClInclude>
    <ClInclude Include="glTFRHI\RHIDX12Impl\DX12Shader.h">
      <Filter>Header Files</Filter>
    </ClInclude>
    <ClInclude Include="glTFRHI\RHIDX12Impl\DX12SwapChain.h">
      <Filter>Header Files</Filter>
    </ClInclude>
    <ClInclude Include="glTFRHI\RHIDX12Impl\DX12Texture.h">
      <Filter>Header Files</Filter>
    </ClInclude>
    <ClInclude Include="glTFRHI\RHIDX12Impl\DX12Utils.h">
      <Filter>Header Files</Filter>
    </ClInclude>
    <ClInclude Include="glTFRHI\RHIDX12Impl\DX12VertexBufferView.h">
      <Filter>Header Files</Filter>
    </ClInclude>
    <ClInclude Include="glTFRHI\RHIInterface\IRHICommandAllocator.h">
      <Filter>Header Files</Filter>
    </ClInclude>
    <ClInclude Include="glTFRHI\RHIInterface\IRHICommandList.h">
      <Filter>Header Files</Filter>
    </ClInclude>
    <ClInclude Include="glTFRHI\RHIInterface\IRHICommandQueue.h">
      <Filter>Header Files</Filter>
    </ClInclude>
    <ClInclude Include="glTFRHI\RHIInterface\IRHIDescriptorHeap.h">
      <Filter>Header Files</Filter>
    </ClInclude>
    <ClInclude Include="glTFRHI\RHIInterface\IRHIDevice.h">
      <Filter>Header Files</Filter>
    </ClInclude>
    <ClInclude Include="glTFRHI\RHIInterface\IRHIFactory.h">
      <Filter>Header Files</Filter>
    </ClInclude>
    <ClInclude Include="glTFRHI\RHIInterface\IRHIFence.h">
      <Filter>Header Files</Filter>
    </ClInclude>
    <ClInclude Include="glTFRHI\RHIInterface\IRHIGPUBuffer.h">
      <Filter>Header Files</Filter>
    </ClInclude>
    <ClInclude Include="glTFRHI\RHIInterface\IRHIGPUBufferManager.h">
      <Filter>Header Files</Filter>
    </ClInclude>
    <ClInclude Include="glTFRHI\RHIInterface\IRHIIndexBufferView.h">
      <Filter>Header Files</Filter>
    </ClInclude>
    <ClInclude Include="glTFRHI\RHIInterface\IRHIPipelineStateObject.h">
      <Filter>Header Files</Filter>
    </ClInclude>
    <ClInclude Include="glTFRHI\RHIInterface\IRHIRenderTarget.h">
      <Filter>Header Files</Filter>
    </ClInclude>
    <ClInclude Include="glTFRHI\RHIInterface\IRHIRenderTargetManager.h">
      <Filter>Header Files</Filter>
    </ClInclude>
    <ClInclude Include="glTFRHI\RHIInterface\IRHIResource.h">
      <Filter>Header Files</Filter>
    </ClInclude>
    <ClInclude Include="glTFRHI\RHIInterface\IRHIRootSignature.h">
      <Filter>Header Files</Filter>
    </ClInclude>
    <ClInclude Include="glTFRHI\RHIInterface\IRHIShader.h">
      <Filter>Header Files</Filter>
    </ClInclude>
    <ClInclude Include="glTFRHI\RHIInterface\IRHISwapChain.h">
      <Filter>Header Files</Filter>
    </ClInclude>
    <ClInclude Include="glTFRHI\RHIInterface\IRHITexture.h">
      <Filter>Header Files</Filter>
    </ClInclude>
    <ClInclude Include="glTFRHI\RHIInterface\IRHIVertexBufferView.h">
      <Filter>Header Files</Filter>
    </ClInclude>
    <ClInclude Include="glTFRHI\RHIInterface\RHICommon.h">
      <Filter>Header Files</Filter>
    </ClInclude>
    <ClInclude Include="glTFRHI\RHIResourceFactory.h">
      <Filter>Header Files</Filter>
    </ClInclude>
    <ClInclude Include="glTFRHI\RHIResourceFactoryImpl.hpp">
      <Filter>Header Files</Filter>
    </ClInclude>
    <ClInclude Include="glTFRHI\RHIUtils.h">
      <Filter>Header Files</Filter>
    </ClInclude>
    <ClInclude Include="glTFScene\glTFCamera.h">
      <Filter>Header Files</Filter>
    </ClInclude>
    <ClInclude Include="glTFScene\glTFSceneBox.h">
      <Filter>Header Files</Filter>
    </ClInclude>
    <ClInclude Include="glTFScene\glTFSceneGraph.h">
      <Filter>Header Files</Filter>
    </ClInclude>
    <ClInclude Include="glTFScene\glTFSceneObjectBase.h">
      <Filter>Header Files</Filter>
    </ClInclude>
    <ClInclude Include="glTFScene\glTFScenePrimitive.h">
      <Filter>Header Files</Filter>
    </ClInclude>
    <ClInclude Include="glTFScene\glTFSceneTriangleMesh.h">
      <Filter>Header Files</Filter>
    </ClInclude>
    <ClInclude Include="glTFScene\glTFSceneView.h">
      <Filter>Header Files</Filter>
    </ClInclude>
    <ClInclude Include="glTFShaderUtils\glTFShaderUtils.h">
      <Filter>Header Files</Filter>
    </ClInclude>
    <ClInclude Include="glTFUtils\glTFLog.h">
      <Filter>Header Files</Filter>
    </ClInclude>
    <ClInclude Include="glTFUtils\glTFUtils.h">
      <Filter>Header Files</Filter>
    </ClInclude>
    <ClInclude Include="glTFWindow\glTFInputManager.h">
      <Filter>Header Files</Filter>
    </ClInclude>
    <ClInclude Include="glTFApp\glTFAppMain.h">
      <Filter>Header Files</Filter>
    </ClInclude>
    <ClInclude Include="glTFApp\glTFAppRenderer.h">
      <Filter>Header Files</Filter>
    </ClInclude>
    <ClInclude Include="glTFApp\glTFAppRenderPipeline.h">
      <Filter>Header Files</Filter>
    </ClInclude>
    <ClInclude Include="glTFApp\glTFPassOptionRenderFlags.h">
      <Filter>Header Files</Filter>
    </ClInclude>
    <ClInclude Include="glTFApp\glTFVulkanTest.h">
      <Filter>Header Files</Filter>
    </ClInclude>
    <ClInclude Include="glTFGUI\glTFGUI.h">
      <Filter>Header Files</Filter>
    </ClInclude>
    <ClInclude Include="glTFMaterial\glTFMaterialParameterBase.h">
      <Filter>Header Files</Filter>
    </ClInclude>
    <ClInclude Include="glTFMaterial\glTFMaterialParameterFactor.h">
      <Filter>Header Files</Filter>
    </ClInclude>
    <ClInclude Include="glTFMaterial\glTFMaterialPBR.h">
      <Filter>Header Files</Filter>
    </ClInclude>
    <ClInclude Include="glTFMaterial\glTFMaterialParameterTexture.h">
      <Filter>Header Files</Filter>
    </ClInclude>
    <ClInclude Include="glTFRenderPass\glTFComputePass\glTFComputePassBase.h">
      <Filter>Header Files</Filter>
    </ClInclude>
    <ClInclude Include="glTFRenderPass\glTFComputePass\glTFComputePassIndirectDrawCulling.h">
      <Filter>Header Files</Filter>
    </ClInclude>
    <ClInclude Include="glTFRenderPass\glTFComputePass\glTFComputePassLighting.h">
      <Filter>Header Files</Filter>
    </ClInclude>
    <ClInclude Include="glTFRenderPass\glTFComputePass\glTFComputePassRayTracingPostprocess.h">
      <Filter>Header Files</Filter>
    </ClInclude>
    <ClInclude Include="glTFRenderPass\glTFComputePass\glTFComputePassReSTIRDirectLighting.h">
      <Filter>Header Files</Filter>
    </ClInclude>
    <ClInclude Include="glTFRenderPass\glTFGraphicsPass\glTFGraphicsPassBase.h">
      <Filter>Header Files</Filter>
    </ClInclude>
    <ClInclude Include="glTFRenderPass\glTFGraphicsPass\glTFGraphicsPassLighting.h">
      <Filter>Header Files</Filter>
    </ClInclude>
    <ClInclude Include="glTFRenderPass\glTFGraphicsPass\glTFGraphicsPassMeshBase.h">
      <Filter>Header Files</Filter>
    </ClInclude>
    <ClInclude Include="glTFRenderPass\glTFGraphicsPass\glTFGraphicsPassPostprocess.h">
      <Filter>Header Files</Filter>
    </ClInclude>
    <ClInclude Include="glTFRenderPass\glTFGraphicsPass\glTFGraphicsPassMeshDepth.h">
      <Filter>Header Files</Filter>
    </ClInclude>
    <ClInclude Include="glTFRenderPass\glTFGraphicsPass\glTFGraphicsPassMeshOpaque.h">
      <Filter>Header Files</Filter>
    </ClInclude>
    <ClInclude Include="glTFRenderPass\glTFRayTracingPass\glTFRayTracingPassBase.h">
      <Filter>Header Files</Filter>
    </ClInclude>
    <ClInclude Include="glTFRenderPass\glTFRayTracingPass\glTFRayTracingPassPathTracing.h">
      <Filter>Header Files</Filter>
    </ClInclude>
    <ClInclude Include="glTFRenderPass\glTFRayTracingPass\glTFRayTracingPassReSTIRDirectLighting.h">
      <Filter>Header Files</Filter>
    </ClInclude>
    <ClInclude Include="glTFRenderPass\glTFRayTracingPass\glTFRayTracingPassWithMesh.h">
      <Filter>Header Files</Filter>
    </ClInclude>
    <ClInclude Include="glTFRenderPass\glTFRenderInterface\glTFRenderInterface32BitConstant.h">
      <Filter>Header Files</Filter>
    </ClInclude>
    <ClInclude Include="glTFRenderPass\glTFRenderInterface\glTFRenderInterfaceFrameStat.h">
      <Filter>Header Files</Filter>
    </ClInclude>
    <ClInclude Include="glTFRenderPass\glTFRenderInterface\glTFRenderInterfaceSampler.h">
      <Filter>Header Files</Filter>
    </ClInclude>
    <ClInclude Include="glTFRenderPass\glTFRenderInterface\glTFRenderInterfaceSceneMaterial.h">
      <Filter>Header Files</Filter>
    </ClInclude>
    <ClInclude Include="glTFRenderPass\glTFRenderInterface\glTFRenderInterfaceSceneMeshInfo.h">
      <Filter>Header Files</Filter>
    </ClInclude>
    <ClInclude Include="glTFRenderPass\glTFRenderInterface\glTFRenderInterfaceSRVTable.h">
      <Filter>Header Files</Filter>
    </ClInclude>
    <ClInclude Include="glTFRenderPass\glTFRenderInterface\glTFRenderInterfaceSingleConstantBuffer.h">
      <Filter>Header Files</Filter>
    </ClInclude>
    <ClInclude Include="glTFRenderPass\glTFRenderInterface\glTFRenderInterfaceBase.h">
      <Filter>Header Files</Filter>
    </ClInclude>
    <ClInclude Include="glTFRenderPass\glTFRenderInterface\glTFRenderInterfaceLighting.h">
      <Filter>Header Files</Filter>
    </ClInclude>
    <ClInclude Include="glTFRenderPass\glTFRenderInterface\glTFRenderInterfaceSceneMesh.h">
      <Filter>Header Files</Filter>
    </ClInclude>
    <ClInclude Include="glTFRenderPass\glTFRenderInterface\glTFRenderInterfaceSceneView.h">
      <Filter>Header Files</Filter>
    </ClInclude>
    <ClInclude Include="glTFRenderPass\glTFRenderInterface\glTFRenderInterfaceStructuredBuffer.h">
      <Filter>Header Files</Filter>
    </ClInclude>
    <ClInclude Include="glTFRenderPass\glTFRenderMaterialManager.h">
      <Filter>Header Files</Filter>
    </ClInclude>
    <ClInclude Include="glTFRenderPass\glTFRenderMeshManager.h">
      <Filter>Header Files</Filter>
    </ClInclude>
    <ClInclude Include="glTFRenderPass\glTFRenderPassCommon.h">
      <Filter>Header Files</Filter>
    </ClInclude>
    <ClInclude Include="glTFRenderPass\glTFMeshRenderResource.h">
      <Filter>Header Files</Filter>
    </ClInclude>
    <ClInclude Include="glTFRenderPass\glTFRenderResourceFrameManager.h">
      <Filter>Header Files</Filter>
    </ClInclude>
    <ClInclude Include="glTFRenderPass\glTFRenderResourceUtils.h">
      <Filter>Header Files</Filter>
    </ClInclude>
    <ClInclude Include="glTFRHI\RHIDX12Impl\DX12CommandSignature.h">
      <Filter>Header Files</Filter>
    </ClInclude>
    <ClInclude Include="glTFRHI\RHIDX12Impl\DX12Common.h">
      <Filter>Header Files</Filter>
    </ClInclude>
    <ClInclude Include="glTFRHI\RHIDX12Impl\DX12IndexBuffer.h">
      <Filter>Header Files</Filter>
    </ClInclude>
    <ClInclude Include="glTFRHI\RHIDX12Impl\DX12RayTracingAS.h">
      <Filter>Header Files</Filter>
    </ClInclude>
    <ClInclude Include="glTFRHI\RHIDX12Impl\DX12ShaderTable.h">
      <Filter>Header Files</Filter>
    </ClInclude>
    <ClInclude Include="glTFRHI\RHIDX12Impl\DX12VertexBuffer.h">
      <Filter>Header Files</Filter>
    </ClInclude>
    <ClInclude Include="glTFRHI\RHIInterface\IRHICommandSignature.h">
      <Filter>Header Files</Filter>
    </ClInclude>
    <ClInclude Include="glTFRHI\RHIInterface\IRHIIndexBuffer.h">
      <Filter>Header Files</Filter>
    </ClInclude>
    <ClInclude Include="glTFRHI\RHIInterface\IRHIRayTracingAS.h">
      <Filter>Header Files</Filter>
    </ClInclude>
    <ClInclude Include="glTFRHI\RHIInterface\IRHIRootSignatureHelper.h">
      <Filter>Header Files</Filter>
    </ClInclude>
    <ClInclude Include="glTFRHI\RHIInterface\IRHIShaderTable.h">
      <Filter>Header Files</Filter>
    </ClInclude>
    <ClInclude Include="glTFRHI\RHIInterface\IRHIVertexBuffer.h">
      <Filter>Header Files</Filter>
    </ClInclude>
    <ClInclude Include="glTFRHI\RHIVKImpl\VKDevice.h">
      <Filter>Header Files</Filter>
    </ClInclude>
    <ClInclude Include="glTFRHI\RHIVKImpl\VulkanUtils.h">
      <Filter>Header Files</Filter>
    </ClInclude>
    <ClInclude Include="glTFScene\glTFAABB.h">
      <Filter>Header Files</Filter>
    </ClInclude>
    <ClInclude Include="glTFScene\glTFMeshRawData.h">
      <Filter>Header Files</Filter>
    </ClInclude>
    <ClInclude Include="glTFUtils\glTFImageLoader.h">
      <Filter>Header Files</Filter>
    </ClInclude>
  </ItemGroup>
  <ItemGroup>
    <None Include="glTFResources\ShaderSource\MeshPassCommonPS.hlsl" />
    <None Include="glTFResources\ShaderSource\MeshPassCommonVS.hlsl" />
    <None Include="glTFResources\ShaderSource\MeshPassCommon.h">
      <Filter>Header Files</Filter>
    </None>
    <None Include="glTFResources\ShaderSource\ComputeShader\IndirectCullingCS.hlsl" />
    <None Include="glTFResources\ShaderSource\ComputeShader\LightingCS.hlsl" />
    <None Include="glTFResources\ShaderSource\Interface\SceneMaterial.hlsl" />
    <None Include="glTFResources\ShaderSource\Interface\SceneMesh.hlsl" />
    <None Include="glTFResources\ShaderSource\Interface\SceneMeshInfo.hlsl" />
    <None Include="glTFResources\ShaderSource\Interface\SceneView.hlsl" />
    <None Include="glTFResources\ShaderSource\Lighting\LightingCommon.hlsl" />
    <None Include="glTFResources\ShaderSource\Math\BRDF.hlsl" />
    <None Include="glTFResources\ShaderSource\Math\Color.hlsl" />
    <None Include="glTFResources\ShaderSource\Math\MathCommon.hlsl" />
    <None Include="glTFResources\ShaderSource\Math\RandomGenerator.hlsl" />
    <None Include="glTFResources\ShaderSource\Math\Sample.hlsl" />
    <None Include="glTFResources\ShaderSource\RayTracing\PathTracingMain.hlsl" />
    <None Include="glTFResources\ShaderSource\RayTracing\PathTracingRays.hlsl" />
    <None Include="glTFResources\ShaderSource\FrameStat.hlsl" />
    <None Include="glTFResources\ShaderSource\MeshPassCommon.hlsl" />
    <None Include="glTFResources\ShaderSource\LightPassCommon.hlsl" />
    <None Include="glTFResources\ShaderSource\ComputeShader\PathTracingPostProcess.hlsl" />
    <None Include="glTFResources\ShaderSource\ComputeShader\ReSTIRDirectLightingCS.hlsl" />
    <None Include="glTFResources\ShaderSource\RayTracing\ReSTIRDirectLighting.hlsl" />
    <None Include="glTFResources\ShaderSource\Math\ReservoirSample.hlsl" />
    <None Include="glTFResources\ShaderSource\LightPassCommon.h">
      <Filter>Header Files</Filter>
    </None>
  </ItemGroup>
</Project>