<?xml version="1.0" encoding="utf-8"?>
<Project ToolsVersion="4.0" xmlns="http://schemas.microsoft.com/developer/msbuild/2003">
  <ItemGroup>
    <Filter Include="Source Files">
      <UniqueIdentifier>{4FC737F1-C7A5-4376-A066-2A32D752A2FF}</UniqueIdentifier>
      <Extensions>cpp;c;cc;cxx;def;odl;idl;hpj;bat;asm;asmx</Extensions>
    </Filter>
    <Filter Include="Header Files">
      <UniqueIdentifier>{93995380-89BD-4b04-88EB-625FBE52EBFB}</UniqueIdentifier>
      <Extensions>h;hh;hpp;hxx;hm;inl;inc;ipp;xsd</Extensions>
    </Filter>
    <Filter Include="Resource Files">
      <UniqueIdentifier>{67DA6AB6-F800-4c08-8B7A-83BB121AAD01}</UniqueIdentifier>
      <Extensions>rc;ico;cur;bmp;dlg;rc2;rct;bin;rgs;gif;jpg;jpeg;jpe;resx;tiff;tif;png;wav;mfcribbon-ms</Extensions>
    </Filter>
  </ItemGroup>
  <ItemGroup>
    <ClCompile Include="glTFRenderer.cpp">
      <Filter>Source Files</Filter>
    </ClCompile>
    <ClCompile Include="glTFLoader\glTFLoader.cpp">
      <Filter>Source Files</Filter>
    </ClCompile>
    <ClCompile Include="glTFLight\glTFDirectionalLight.cpp">
      <Filter>Source Files</Filter>
    </ClCompile>
    <ClCompile Include="glTFLight\glTFLightBase.cpp">
      <Filter>Source Files</Filter>
    </ClCompile>
    <ClCompile Include="glTFLight\glTFLocalLight.cpp">
      <Filter>Source Files</Filter>
    </ClCompile>
    <ClCompile Include="glTFLight\glTFPointLight.cpp">
      <Filter>Source Files</Filter>
    </ClCompile>
    <ClCompile Include="glTFMaterial\glTFMaterialBase.cpp">
      <Filter>Source Files</Filter>
    </ClCompile>
    <ClCompile Include="glTFMaterial\glTFMaterialOpaque.cpp">
      <Filter>Source Files</Filter>
    </ClCompile>
    <ClCompile Include="glTFRenderPass\glTFRenderPassBase.cpp">
      <Filter>Source Files</Filter>
    </ClCompile>
    <ClCompile Include="glTFRenderPass\glTFRenderPassManager.cpp">
      <Filter>Source Files</Filter>
    </ClCompile>
    <ClCompile Include="glTFRenderPass\glTFRenderResourceManager.cpp">
      <Filter>Source Files</Filter>
    </ClCompile>
    <ClCompile Include="glTFScene\glTFCamera.cpp">
      <Filter>Source Files</Filter>
    </ClCompile>
    <ClCompile Include="glTFScene\glTFSceneBox.cpp">
      <Filter>Source Files</Filter>
    </ClCompile>
    <ClCompile Include="glTFScene\glTFSceneGraph.cpp">
      <Filter>Source Files</Filter>
    </ClCompile>
    <ClCompile Include="glTFScene\glTFSceneObjectBase.cpp">
      <Filter>Source Files</Filter>
    </ClCompile>
    <ClCompile Include="glTFScene\glTFScenePrimitive.cpp">
      <Filter>Source Files</Filter>
    </ClCompile>
    <ClCompile Include="glTFScene\glTFSceneTriangleMesh.cpp">
      <Filter>Source Files</Filter>
    </ClCompile>
    <ClCompile Include="glTFScene\glTFSceneView.cpp">
      <Filter>Source Files</Filter>
    </ClCompile>
    <ClCompile Include="glTFApp\glTFAppMain.cpp">
      <Filter>Source Files</Filter>
    </ClCompile>
    <ClCompile Include="glTFApp\glTFAppRenderer.cpp">
      <Filter>Source Files</Filter>
    </ClCompile>
    <ClCompile Include="glTFApp\glTFPassOptionRenderFlags.cpp">
      <Filter>Source Files</Filter>
    </ClCompile>
    <ClCompile Include="glTFLoader\glTFElementCommon.cpp">
      <Filter>Source Files</Filter>
    </ClCompile>
    <ClCompile Include="glTFMaterial\glTFMaterialParameterBase.cpp">
      <Filter>Source Files</Filter>
    </ClCompile>
    <ClCompile Include="glTFMaterial\glTFMaterialParameterFactor.cpp">
      <Filter>Source Files</Filter>
    </ClCompile>
    <ClCompile Include="glTFMaterial\glTFMaterialPBR.cpp">
      <Filter>Source Files</Filter>
    </ClCompile>
    <ClCompile Include="glTFMaterial\glTFMaterialParameterTexture.cpp">
      <Filter>Source Files</Filter>
    </ClCompile>
    <ClCompile Include="glTFRenderPass\glTFComputePass\glTFComputePassBase.cpp">
      <Filter>Source Files</Filter>
    </ClCompile>
    <ClCompile Include="glTFRenderPass\glTFComputePass\glTFComputePassIndirectDrawCulling.cpp">
      <Filter>Source Files</Filter>
    </ClCompile>
    <ClCompile Include="glTFRenderPass\glTFComputePass\glTFComputePassLighting.cpp">
      <Filter>Source Files</Filter>
    </ClCompile>
    <ClCompile Include="glTFRenderPass\glTFComputePass\glTFComputePassRayTracingPostprocess.cpp">
      <Filter>Source Files</Filter>
    </ClCompile>
    <ClCompile Include="glTFRenderPass\glTFComputePass\glTFComputePassReSTIRDirectLighting.cpp">
      <Filter>Source Files</Filter>
    </ClCompile>
    <ClCompile Include="glTFRenderPass\glTFGraphicsPass\glTFGraphicsPassBase.cpp">
      <Filter>Source Files</Filter>
    </ClCompile>
    <ClCompile Include="glTFRenderPass\glTFGraphicsPass\glTFGraphicsPassLighting.cpp">
      <Filter>Source Files</Filter>
    </ClCompile>
    <ClCompile Include="glTFRenderPass\glTFGraphicsPass\glTFGraphicsPassMeshBase.cpp">
      <Filter>Source Files</Filter>
    </ClCompile>
    <ClCompile Include="glTFRenderPass\glTFGraphicsPass\glTFGraphicsPassPostprocess.cpp">
      <Filter>Source Files</Filter>
    </ClCompile>
    <ClCompile Include="glTFRenderPass\glTFGraphicsPass\glTFGraphicsPassMeshDepth.cpp">
      <Filter>Source Files</Filter>
    </ClCompile>
    <ClCompile Include="glTFRenderPass\glTFGraphicsPass\glTFGraphicsPassMeshOpaque.cpp">
      <Filter>Source Files</Filter>
    </ClCompile>
    <ClCompile Include="glTFRenderPass\glTFRayTracingPass\glTFRayTracingPassBase.cpp">
      <Filter>Source Files</Filter>
    </ClCompile>
    <ClCompile Include="glTFRenderPass\glTFRayTracingPass\glTFRayTracingPassPathTracing.cpp">
      <Filter>Source Files</Filter>
    </ClCompile>
    <ClCompile Include="glTFRenderPass\glTFRayTracingPass\glTFRayTracingPassReSTIRDirectLighting.cpp">
      <Filter>Source Files</Filter>
    </ClCompile>
    <ClCompile Include="glTFRenderPass\glTFRayTracingPass\glTFRayTracingPassWithMesh.cpp">
      <Filter>Source Files</Filter>
    </ClCompile>
    <ClCompile Include="glTFRenderPass\glTFRenderInterface\glTFRenderInterface32BitConstant.cpp">
      <Filter>Source Files</Filter>
    </ClCompile>
    <ClCompile Include="glTFRenderPass\glTFRenderInterface\glTFRenderInterfaceFrameStat.cpp">
      <Filter>Source Files</Filter>
    </ClCompile>
    <ClCompile Include="glTFRenderPass\glTFRenderInterface\glTFRenderInterfaceSampler.cpp">
      <Filter>Source Files</Filter>
    </ClCompile>
    <ClCompile Include="glTFRenderPass\glTFRenderInterface\glTFRenderInterfaceSceneMaterial.cpp">
      <Filter>Source Files</Filter>
    </ClCompile>
    <ClCompile Include="glTFRenderPass\glTFRenderInterface\glTFRenderInterfaceSceneMeshInfo.cpp">
      <Filter>Source Files</Filter>
    </ClCompile>
    <ClCompile Include="glTFRenderPass\glTFRenderInterface\glTFRenderInterfaceSingleConstantBuffer.cpp">
      <Filter>Source Files</Filter>
    </ClCompile>
    <ClCompile Include="glTFRenderPass\glTFRenderInterface\glTFRenderInterfaceBase.cpp">
      <Filter>Source Files</Filter>
    </ClCompile>
    <ClCompile Include="glTFRenderPass\glTFRenderInterface\glTFRenderInterfaceLighting.cpp">
      <Filter>Source Files</Filter>
    </ClCompile>
    <ClCompile Include="glTFRenderPass\glTFRenderInterface\glTFRenderInterfaceSceneMesh.cpp">
      <Filter>Source Files</Filter>
    </ClCompile>
    <ClCompile Include="glTFRenderPass\glTFRenderInterface\glTFRenderInterfaceStructuredBuffer.cpp">
      <Filter>Source Files</Filter>
    </ClCompile>
    <ClCompile Include="glTFRenderPass\glTFRenderMaterialManager.cpp">
      <Filter>Source Files</Filter>
    </ClCompile>
    <ClCompile Include="glTFRenderPass\glTFRenderMeshManager.cpp">
      <Filter>Source Files</Filter>
    </ClCompile>
    <ClCompile Include="glTFRenderPass\glTFMeshRenderResource.cpp">
      <Filter>Source Files</Filter>
    </ClCompile>
    <ClCompile Include="glTFRenderPass\glTFRenderResourceFrameManager.cpp">
      <Filter>Source Files</Filter>
    </ClCompile>
    <ClCompile Include="glTFRenderPass\glTFRenderResourceUtils.cpp">
      <Filter>Source Files</Filter>
    </ClCompile>
    <ClCompile Include="glTFScene\glTFAABB.cpp">
      <Filter>Source Files</Filter>
    </ClCompile>
    <ClCompile Include="glTFScene\glTFMeshRawData.cpp">
      <Filter>Source Files</Filter>
    </ClCompile>
    <ClCompile Include="glTFApp\glTFGUIRenderer.cpp">
      <Filter>Source Files</Filter>
    </ClCompile>
    <ClCompile Include="glTFApp\glTFSceneRenderer.cpp">
      <Filter>Source Files</Filter>
    </ClCompile>
    <ClCompile Include="glTFRenderPass\glTFRenderInterface\glTFRenderInterfaceRadiosityScene.cpp">
      <Filter>Source Files</Filter>
    </ClCompile>
    <ClCompile Include="glTFRenderPass\glTFTestPass\glTFGraphicsPassTestTriangleSimplest.cpp">
      <Filter>Source Files</Filter>
    </ClCompile>
    <ClCompile Include="glTFRenderPass\glTFTestPass\glTFGraphicsPassTestTriangleBase.cpp">
      <Filter>Source Files</Filter>
    </ClCompile>
    <ClCompile Include="glTFRenderPass\glTFTestPass\glTFGraphicsPassTestIndexedTriangle.cpp">
      <Filter>Source Files</Filter>
    </ClCompile>
    <ClCompile Include="glTFRenderPass\RenderGraphNodeUtil.cpp">
      <Filter>Source Files</Filter>
    </ClCompile>
    <ClCompile Include="glTFRenderPass\glTFComputePass\glTFComputePassClearUAV.cpp">
      <Filter>Source Files</Filter>
    </ClCompile>
    <ClCompile Include="glTFRenderPass\glTFComputePass\glTFComputePassVTFetchCS.cpp">
      <Filter>Source Files</Filter>
    </ClCompile>
    <ClCompile Include="glTFRenderPass\glTFGraphicsPass\glTFGraphicsPassMeshShadowDepth.cpp">
      <Filter>Source Files</Filter>
    </ClCompile>
    <ClCompile Include="glTFRenderPass\glTFGraphicsPass\glTFGraphicsPassMeshVSMPageRendering.cpp">
      <Filter>Source Files</Filter>
    </ClCompile>
    <ClCompile Include="glTFRenderPass\glTFGraphicsPass\glTFGraphicsPassMeshVTFeedbackBase.cpp">
      <Filter>Source Files</Filter>
    </ClCompile>
    <ClCompile Include="glTFRenderPass\glTFGraphicsPass\glTFGraphicsPassMeshRVTPageRendering.cpp">
      <Filter>Source Files</Filter>
    </ClCompile>
    <ClCompile Include="glTFRenderPass\glTFRenderInterface\glTFRenderInterfaceShadowmap.cpp">
      <Filter>Source Files</Filter>
    </ClCompile>
    <ClCompile Include="glTFRenderPass\glTFRenderInterface\glTFRenderInterfaceTextureTable.cpp">
      <Filter>Source Files</Filter>
    </ClCompile>
    <ClCompile Include="glTFRenderPass\glTFRenderInterface\glTFRenderInterfaceViewBase.cpp">
      <Filter>Source Files</Filter>
    </ClCompile>
    <ClCompile Include="glTFRenderPass\glTFRenderInterface\glTFRenderInterfaceVT.cpp">
      <Filter>Source Files</Filter>
    </ClCompile>
    <ClCompile Include="glTFRenderPass\glTFTestPass\glTFComputePassTestFillColor.cpp">
      <Filter>Source Files</Filter>
    </ClCompile>
    <ClCompile Include="glTFRenderPass\glTFTestPass\glTFGraphicsPassTestIndexedTextureTriangle.cpp">
      <Filter>Source Files</Filter>
    </ClCompile>
    <ClCompile Include="glTFRenderPass\glTFTestPass\glTFGraphicsPassTestSceneRendering.cpp">
      <Filter>Source Files</Filter>
    </ClCompile>
    <ClCompile Include="glTFRenderSystem\RenderSystemBase.cpp">
      <Filter>Source Files</Filter>
    </ClCompile>
    <ClCompile Include="glTFRenderSystem\Shadow\ShadowRenderSystem.cpp">
      <Filter>Source Files</Filter>
    </ClCompile>
    <ClCompile Include="glTFRenderSystem\VT\VirtualTextureSystem.cpp">
      <Filter>Source Files</Filter>
    </ClCompile>
    <ClCompile Include="glTFRenderSystem\VT\VTPageDataAccessor.cpp">
      <Filter>Source Files</Filter>
    </ClCompile>
    <ClCompile Include="glTFRenderSystem\VT\SVTPageStreamer.cpp">
      <Filter>Source Files</Filter>
    </ClCompile>
    <ClCompile Include="glTFRenderSystem\VT\VTPageTable.cpp">
      <Filter>Source Files</Filter>
    </ClCompile>
    <ClCompile Include="glTFRenderSystem\VT\VTTextureTypes.cpp">
      <Filter>Source Files</Filter>
    </ClCompile>
    <ClCompile Include="glTFRenderSystem\VT\VTQuadTree.cpp">
      <Filter>Source Files</Filter>
    </ClCompile>
    <ClCompile Include="glTFResources\ShaderSource\VirtualTextureUtil.hlsl" />
  </ItemGroup>
  <ItemGroup>
    <ClInclude Include="glTFLoader\glTFElementCommon.h">
      <Filter>Header Files</Filter>
    </ClInclude>
    <ClInclude Include="glTFLoader\glTFLoader.h">
      <Filter>Header Files</Filter>
    </ClInclude>
    <ClInclude Include="glTFLight\glTFDirectionalLight.h">
      <Filter>Header Files</Filter>
    </ClInclude>
    <ClInclude Include="glTFLight\glTFLightBase.h">
      <Filter>Header Files</Filter>
    </ClInclude>
    <ClInclude Include="glTFLight\glTFLocalLight.h">
      <Filter>Header Files</Filter>
    </ClInclude>
    <ClInclude Include="glTFLight\glTFPointLight.h">
      <Filter>Header Files</Filter>
    </ClInclude>
    <ClInclude Include="glTFMaterial\glTFMaterialBase.h">
      <Filter>Header Files</Filter>
    </ClInclude>
    <ClInclude Include="glTFMaterial\glTFMaterialCommon.h">
      <Filter>Header Files</Filter>
    </ClInclude>
    <ClInclude Include="glTFMaterial\glTFMaterialOpaque.h">
      <Filter>Header Files</Filter>
    </ClInclude>
    <ClInclude Include="glTFRenderPass\glTFRenderPassBase.h">
      <Filter>Header Files</Filter>
    </ClInclude>
    <ClInclude Include="glTFRenderPass\glTFRenderPassManager.h">
      <Filter>Header Files</Filter>
    </ClInclude>
    <ClInclude Include="glTFRenderPass\glTFRenderResourceManager.h">
      <Filter>Header Files</Filter>
    </ClInclude>
    <ClInclude Include="glTFScene\glTFCamera.h">
      <Filter>Header Files</Filter>
    </ClInclude>
    <ClInclude Include="glTFScene\glTFSceneBox.h">
      <Filter>Header Files</Filter>
    </ClInclude>
    <ClInclude Include="glTFScene\glTFSceneGraph.h">
      <Filter>Header Files</Filter>
    </ClInclude>
    <ClInclude Include="glTFScene\glTFSceneObjectBase.h">
      <Filter>Header Files</Filter>
    </ClInclude>
    <ClInclude Include="glTFScene\glTFScenePrimitive.h">
      <Filter>Header Files</Filter>
    </ClInclude>
    <ClInclude Include="glTFScene\glTFSceneTriangleMesh.h">
      <Filter>Header Files</Filter>
    </ClInclude>
    <ClInclude Include="glTFScene\glTFSceneView.h">
      <Filter>Header Files</Filter>
    </ClInclude>
    <ClInclude Include="glTFApp\glTFAppMain.h">
      <Filter>Header Files</Filter>
    </ClInclude>
    <ClInclude Include="glTFApp\glTFAppRenderer.h">
      <Filter>Header Files</Filter>
    </ClInclude>
    <ClInclude Include="glTFApp\glTFPassOptionRenderFlags.h">
      <Filter>Header Files</Filter>
    </ClInclude>
    <ClInclude Include="glTFMaterial\glTFMaterialParameterBase.h">
      <Filter>Header Files</Filter>
    </ClInclude>
    <ClInclude Include="glTFMaterial\glTFMaterialParameterFactor.h">
      <Filter>Header Files</Filter>
    </ClInclude>
    <ClInclude Include="glTFMaterial\glTFMaterialPBR.h">
      <Filter>Header Files</Filter>
    </ClInclude>
    <ClInclude Include="glTFMaterial\glTFMaterialParameterTexture.h">
      <Filter>Header Files</Filter>
    </ClInclude>
    <ClInclude Include="glTFRenderPass\glTFComputePass\glTFComputePassBase.h">
      <Filter>Header Files</Filter>
    </ClInclude>
    <ClInclude Include="glTFRenderPass\glTFComputePass\glTFComputePassIndirectDrawCulling.h">
      <Filter>Header Files</Filter>
    </ClInclude>
    <ClInclude Include="glTFRenderPass\glTFComputePass\glTFComputePassLighting.h">
      <Filter>Header Files</Filter>
    </ClInclude>
    <ClInclude Include="glTFRenderPass\glTFComputePass\glTFComputePassRayTracingPostprocess.h">
      <Filter>Header Files</Filter>
    </ClInclude>
    <ClInclude Include="glTFRenderPass\glTFComputePass\glTFComputePassReSTIRDirectLighting.h">
      <Filter>Header Files</Filter>
    </ClInclude>
    <ClInclude Include="glTFRenderPass\glTFGraphicsPass\glTFGraphicsPassBase.h">
      <Filter>Header Files</Filter>
    </ClInclude>
    <ClInclude Include="glTFRenderPass\glTFGraphicsPass\glTFGraphicsPassLighting.h">
      <Filter>Header Files</Filter>
    </ClInclude>
    <ClInclude Include="glTFRenderPass\glTFGraphicsPass\glTFGraphicsPassMeshBase.h">
      <Filter>Header Files</Filter>
    </ClInclude>
    <ClInclude Include="glTFRenderPass\glTFGraphicsPass\glTFGraphicsPassPostprocess.h">
      <Filter>Header Files</Filter>
    </ClInclude>
    <ClInclude Include="glTFRenderPass\glTFGraphicsPass\glTFGraphicsPassMeshDepth.h">
      <Filter>Header Files</Filter>
    </ClInclude>
    <ClInclude Include="glTFRenderPass\glTFGraphicsPass\glTFGraphicsPassMeshOpaque.h">
      <Filter>Header Files</Filter>
    </ClInclude>
    <ClInclude Include="glTFRenderPass\glTFRayTracingPass\glTFRayTracingPassBase.h">
      <Filter>Header Files</Filter>
    </ClInclude>
    <ClInclude Include="glTFRenderPass\glTFRayTracingPass\glTFRayTracingPassPathTracing.h">
      <Filter>Header Files</Filter>
    </ClInclude>
    <ClInclude Include="glTFRenderPass\glTFRayTracingPass\glTFRayTracingPassReSTIRDirectLighting.h">
      <Filter>Header Files</Filter>
    </ClInclude>
    <ClInclude Include="glTFRenderPass\glTFRayTracingPass\glTFRayTracingPassWithMesh.h">
      <Filter>Header Files</Filter>
    </ClInclude>
    <ClInclude Include="glTFRenderPass\glTFRenderInterface\glTFRenderInterface32BitConstant.h">
      <Filter>Header Files</Filter>
    </ClInclude>
    <ClInclude Include="glTFRenderPass\glTFRenderInterface\glTFRenderInterfaceFrameStat.h">
      <Filter>Header Files</Filter>
    </ClInclude>
    <ClInclude Include="glTFRenderPass\glTFRenderInterface\glTFRenderInterfaceSampler.h">
      <Filter>Header Files</Filter>
    </ClInclude>
    <ClInclude Include="glTFRenderPass\glTFRenderInterface\glTFRenderInterfaceSceneMaterial.h">
      <Filter>Header Files</Filter>
    </ClInclude>
    <ClInclude Include="glTFRenderPass\glTFRenderInterface\glTFRenderInterfaceSceneMeshInfo.h">
      <Filter>Header Files</Filter>
    </ClInclude>
    <ClInclude Include="glTFRenderPass\glTFRenderInterface\glTFRenderInterfaceSingleConstantBuffer.h">
      <Filter>Header Files</Filter>
    </ClInclude>
    <ClInclude Include="glTFRenderPass\glTFRenderInterface\glTFRenderInterfaceBase.h">
      <Filter>Header Files</Filter>
    </ClInclude>
    <ClInclude Include="glTFRenderPass\glTFRenderInterface\glTFRenderInterfaceLighting.h">
      <Filter>Header Files</Filter>
    </ClInclude>
    <ClInclude Include="glTFRenderPass\glTFRenderInterface\glTFRenderInterfaceSceneMesh.h">
      <Filter>Header Files</Filter>
    </ClInclude>
    <ClInclude Include="glTFRenderPass\glTFRenderInterface\glTFRenderInterfaceStructuredBuffer.h">
      <Filter>Header Files</Filter>
    </ClInclude>
    <ClInclude Include="glTFRenderPass\glTFRenderMaterialManager.h">
      <Filter>Header Files</Filter>
    </ClInclude>
    <ClInclude Include="glTFRenderPass\glTFRenderMeshManager.h">
      <Filter>Header Files</Filter>
    </ClInclude>
    <ClInclude Include="glTFRenderPass\glTFRenderPassCommon.h">
      <Filter>Header Files</Filter>
    </ClInclude>
    <ClInclude Include="glTFRenderPass\glTFMeshRenderResource.h">
      <Filter>Header Files</Filter>
    </ClInclude>
    <ClInclude Include="glTFRenderPass\glTFRenderResourceFrameManager.h">
      <Filter>Header Files</Filter>
    </ClInclude>
    <ClInclude Include="glTFRenderPass\glTFRenderResourceUtils.h">
      <Filter>Header Files</Filter>
    </ClInclude>
    <ClInclude Include="glTFScene\glTFAABB.h">
      <Filter>Header Files</Filter>
    </ClInclude>
    <ClInclude Include="glTFScene\glTFMeshRawData.h">
      <Filter>Header Files</Filter>
    </ClInclude>
    <ClInclude Include="glTFApp\glTFGUIRenderer.h">
      <Filter>Header Files</Filter>
    </ClInclude>
    <ClInclude Include="glTFApp\glTFSceneRenderer.h">
      <Filter>Header Files</Filter>
    </ClInclude>
    <ClInclude Include="glTFRenderPass\glTFRenderInterface\glTFRenderInterfaceRadiosityScene.h">
      <Filter>Header Files</Filter>
    </ClInclude>
    <ClInclude Include="glTFRenderPass\glTFTestPass\glTFGraphicsPassTestTriangleSimplest.h">
      <Filter>Header Files</Filter>
    </ClInclude>
    <ClInclude Include="glTFRenderPass\glTFTestPass\glTFGraphicsPassTestTriangleBase.h">
      <Filter>Header Files</Filter>
    </ClInclude>
    <ClInclude Include="glTFRenderPass\glTFTestPass\glTFGraphicsPassTestIndexedTriangle.h">
      <Filter>Header Files</Filter>
    </ClInclude>
    <ClInclude Include="glTFRenderPass\RenderGraphNodeUtil.h">
      <Filter>Header Files</Filter>
    </ClInclude>
    <ClInclude Include="glTFRenderPass\glTFComputePass\glTFComputePassClearUAV.h">
      <Filter>Header Files</Filter>
    </ClInclude>
    <ClInclude Include="glTFRenderPass\glTFComputePass\glTFComputePassVTFetchCS.h">
      <Filter>Header Files</Filter>
    </ClInclude>
    <ClInclude Include="glTFRenderPass\glTFGraphicsPass\glTFGraphicsPassMeshShadowDepth.h">
      <Filter>Header Files</Filter>
    </ClInclude>
    <ClInclude Include="glTFRenderPass\glTFGraphicsPass\glTFGraphicsPassMeshVSMPageRendering.h">
      <Filter>Header Files</Filter>
    </ClInclude>
    <ClInclude Include="glTFRenderPass\glTFGraphicsPass\glTFGraphicsPassMeshVTFeedbackBase.h">
      <Filter>Header Files</Filter>
    </ClInclude>
    <ClInclude Include="glTFRenderPass\glTFGraphicsPass\glTFGraphicsPassMeshRVTPageRendering.h">
      <Filter>Header Files</Filter>
    </ClInclude>
    <ClInclude Include="glTFRenderPass\glTFRenderInterface\glTFRenderInterfaceShadowmap.h">
      <Filter>Header Files</Filter>
    </ClInclude>
    <ClInclude Include="glTFRenderPass\glTFRenderInterface\glTFRenderInterfaceTextureTable.h">
      <Filter>Header Files</Filter>
    </ClInclude>
    <ClInclude Include="glTFRenderPass\glTFRenderInterface\glTFRenderInterfaceViewBase.h">
      <Filter>Header Files</Filter>
    </ClInclude>
    <ClInclude Include="glTFRenderPass\glTFRenderInterface\glTFRenderInterfaceVT.h">
      <Filter>Header Files</Filter>
    </ClInclude>
    <ClInclude Include="glTFRenderPass\glTFTestPass\glTFComputePassTestFillColor.h">
      <Filter>Header Files</Filter>
    </ClInclude>
    <ClInclude Include="glTFRenderPass\glTFTestPass\glTFGraphicsPassTestIndexedTextureTriangle.h">
      <Filter>Header Files</Filter>
    </ClInclude>
    <ClInclude Include="glTFRenderPass\glTFTestPass\glTFGraphicsPassTestSceneRendering.h">
      <Filter>Header Files</Filter>
    </ClInclude>
    <ClInclude Include="glTFRenderSystem\RenderSystemBase.h">
      <Filter>Header Files</Filter>
    </ClInclude>
    <ClInclude Include="glTFRenderSystem\Shadow\ShadowRenderSystem.h">
      <Filter>Header Files</Filter>
    </ClInclude>
    <ClInclude Include="glTFRenderSystem\VT\VirtualTextureSystem.h">
      <Filter>Header Files</Filter>
    </ClInclude>
    <ClInclude Include="glTFRenderSystem\VT\VTCommon.h">
      <Filter>Header Files</Filter>
    </ClInclude>
    <ClInclude Include="glTFRenderSystem\VT\VTPageDataAccessor.h">
      <Filter>Header Files</Filter>
    </ClInclude>
    <ClInclude Include="glTFRenderSystem\VT\SVTPageStreamer.h">
      <Filter>Header Files</Filter>
    </ClInclude>
    <ClInclude Include="glTFRenderSystem\VT\VTPageTable.h">
      <Filter>Header Files</Filter>
    </ClInclude>
    <ClInclude Include="glTFRenderSystem\VT\VTTextureTypes.h">
      <Filter>Header Files</Filter>
    </ClInclude>
    <ClInclude Include="glTFRenderSystem\VT\VTQuadTree.h">
      <Filter>Header Files</Filter>
    </ClInclude>
  </ItemGroup>
  <ItemGroup>
    <None Include="glTFResources\ShaderSource\MeshPassCommonPS.hlsl" />
    <None Include="glTFResources\ShaderSource\MeshPassCommonVS.hlsl" />
    <None Include="glTFResources\ShaderSource\ComputeShader\IndirectCullingCS.hlsl" />
    <None Include="glTFResources\ShaderSource\ComputeShader\LightingCS.hlsl" />
    <None Include="glTFResources\ShaderSource\Interface\SceneMaterial.hlsl" />
    <None Include="glTFResources\ShaderSource\Interface\SceneMesh.hlsl" />
    <None Include="glTFResources\ShaderSource\Interface\SceneMeshInfo.hlsl" />
    <None Include="glTFResources\ShaderSource\Interface\SceneView.hlsl" />
    <None Include="glTFResources\ShaderSource\Lighting\LightingCommon.hlsl" />
    <None Include="glTFResources\ShaderSource\Math\BRDF.hlsl" />
    <None Include="glTFResources\ShaderSource\Math\Color.hlsl" />
    <None Include="glTFResources\ShaderSource\Math\MathCommon.hlsl" />
    <None Include="glTFResources\ShaderSource\Math\RandomGenerator.hlsl" />
    <None Include="glTFResources\ShaderSource\Math\Sample.hlsl" />
    <None Include="glTFResources\ShaderSource\RayTracing\PathTracingMain.hlsl" />
    <None Include="glTFResources\ShaderSource\RayTracing\PathTracingRays.hlsl" />
    <None Include="glTFResources\ShaderSource\FrameStat.hlsl" />
    <None Include="glTFResources\ShaderSource\MeshPassCommon.hlsl" />
    <None Include="glTFResources\ShaderSource\LightPassCommon.hlsl" />
    <None Include="glTFResources\ShaderSource\ComputeShader\PathTracingPostProcess.hlsl" />
    <None Include="glTFResources\ShaderSource\ComputeShader\ReSTIRDirectLightingCS.hlsl" />
    <None Include="glTFResources\ShaderSource\RayTracing\ReSTIRDirectLighting.hlsl" />
    <None Include="glTFResources\ShaderSource\Math\ReservoirSample.hlsl" />
    <None Include="glTFResources\ShaderSource\TestShaders\TestTriangleFrag.hlsl" />
    <None Include="glTFResources\ShaderSource\TestShaders\TestTriangleVert.hlsl" />
    <None Include="glTFResources\ShaderSource\TestShaders\TestGradientCompute.hlsl" />
    <None Include="glTFResources\ShaderSource\TestShaders\TestTriangleVertStreamIn.hlsl" />
    <None Include="glTFResources\ShaderSource\GLSL\SimpleFragShader.glsl" />
    <None Include="glTFResources\ShaderSource\GLSL\BufferRefVert.glsl" />
    <None Include="packages.config" />
    <None Include="glTFResources\ShaderSource\TestShaders\TestTexturedTriangleFrag.hlsl" />
    <None Include="glTFResources\ShaderSource\TestShaders\TestTexturedTriangleVert.hlsl" />
    <None Include="glTFResources\ShaderSource\ShaderDeclarationUtil.hlsl" />
    <None Include="glTFResources\ShaderSource\TestShaders\TestSceneRenderingFrag.hlsl" />
    <None Include="glTFResources\ShaderSource\TestShaders\TestSceneRenderingVert.hlsl" />
    <None Include="glTFResources\ShaderSource\TestShaders\TestFillColorCS.hlsl" />
    <None Include="glTFResources\ShaderSource\RayTracing\LightSampling.hlsl" />
    <None Include="glTFResources\ShaderSource\Interface\VirtualTexture.hlsl" />
    <None Include="glTFResources\ShaderSource\MeshPassVTFeedBackPS.hlsl" />
    <None Include="glTFResources\ShaderSource\ComputeShader\ClearUAVCS.hlsl" />
    <None Include="glTFResources\ShaderSource\ComputeShader\VTFetchCS.hlsl" />
    <None Include="glTFResources\ShaderSource\ShadowPassVTFeedBackPS.hlsl" />
    <None Include="glTFResources\ShaderSource\VSMOutputPS.hlsl" />
  </ItemGroup>
</Project>