
Microsoft Visual Studio Solution File, Format Version 12.00
Project("{8BC9CEB8-8B4A-11D0-8D11-00A0C91BC942}") = "glTFRenderer", "glTFRenderer\glTFRenderer.vcxproj", "{6E8E6EE8-79AB-48ED-9967-F2A7F55DAC9D}"
EndProject
Global
	GlobalSection(SolutionConfigurationPlatforms) = preSolution
		Debug|x64 = Debug|x64
		Release|x64 = Release|x64
	EndGlobalSection
	GlobalSection(ProjectConfigurationPlatforms) = postSolution
		{6E8E6EE8-79AB-48ED-9967-F2A7F55DAC9D}.Debug|x64.ActiveCfg = Debug|x64
		{6E8E6EE8-79AB-48ED-9967-F2A7F55DAC9D}.Debug|x64.Build.0 = Debug|x64
		{6E8E6EE8-79AB-48ED-9967-F2A7F55DAC9D}.Release|x64.ActiveCfg = Release|x64
		{6E8E6EE8-79AB-48ED-9967-F2A7F55DAC9D}.Release|x64.Build.0 = Release|x64
	EndGlobalSection
EndGlobal
